// !$*UTF8*$!
{
	archiveVersion = 1;
	classes = {
	};
	objectVersion = 56;
	objects = {

/* Begin PBXBuildFile section */
		5501859D2BD69591009B7852 /* DetailView.swift in Sources */ = {isa = PBXBuildFile; fileRef = 5501859C2BD69591009B7852 /* DetailView.swift */; };
		5501859F2BD7BE79009B7852 /* DetailViewModel.swift in Sources */ = {isa = PBXBuildFile; fileRef = 5501859E2BD7BE79009B7852 /* DetailViewModel.swift */; };
		550185A12BD7BEC7009B7852 /* CoinDetailModel.swift in Sources */ = {isa = PBXBuildFile; fileRef = 550185A02BD7BEC7009B7852 /* CoinDetailModel.swift */; };
		550185A32BD7C0B5009B7852 /* CoinDetailDataService.swift in Sources */ = {isa = PBXBuildFile; fileRef = 550185A22BD7C0B5009B7852 /* CoinDetailDataService.swift */; };
		550185A52BD7EEE1009B7852 /* ChartView.swift in Sources */ = {isa = PBXBuildFile; fileRef = 550185A42BD7EEE1009B7852 /* ChartView.swift */; };
		550185A72BDA5AB4009B7852 /* Date.swift in Sources */ = {isa = PBXBuildFile; fileRef = 550185A62BDA5AB4009B7852 /* Date.swift */; };
		553FB8882BCD426E00E28371 /* CoinImageView.swift in Sources */ = {isa = PBXBuildFile; fileRef = 553FB8872BCD426E00E28371 /* CoinImageView.swift */; };
		553FB88A2BCD453500E28371 /* CoinImageService.swift in Sources */ = {isa = PBXBuildFile; fileRef = 553FB8892BCD453500E28371 /* CoinImageService.swift */; };
		553FB88C2BCD470A00E28371 /* CoinImageViewModel.swift in Sources */ = {isa = PBXBuildFile; fileRef = 553FB88B2BCD470A00E28371 /* CoinImageViewModel.swift */; };
		553FB88E2BCD613F00E28371 /* LocalFileManager.swift in Sources */ = {isa = PBXBuildFile; fileRef = 553FB88D2BCD613F00E28371 /* LocalFileManager.swift */; };
		553FB8902BCE960D00E28371 /* SearchBarView.swift in Sources */ = {isa = PBXBuildFile; fileRef = 553FB88F2BCE960D00E28371 /* SearchBarView.swift */; };
		553FB8922BCE9E5A00E28371 /* UIApplication.swift in Sources */ = {isa = PBXBuildFile; fileRef = 553FB8912BCE9E5A00E28371 /* UIApplication.swift */; };
		553FB8942BCEB49700E28371 /* StatisticModel.swift in Sources */ = {isa = PBXBuildFile; fileRef = 553FB8932BCEB49700E28371 /* StatisticModel.swift */; };
		553FB8962BCEB59300E28371 /* StatisticView.swift in Sources */ = {isa = PBXBuildFile; fileRef = 553FB8952BCEB59300E28371 /* StatisticView.swift */; };
		553FB8982BCFB38100E28371 /* HomeStatisticView.swift in Sources */ = {isa = PBXBuildFile; fileRef = 553FB8972BCFB38100E28371 /* HomeStatisticView.swift */; };
		553FB89A2BCFC04800E28371 /* MarketDataModel.swift in Sources */ = {isa = PBXBuildFile; fileRef = 553FB8992BCFC04800E28371 /* MarketDataModel.swift */; };
		553FB89C2BCFC32900E28371 /* MarketDataService.swift in Sources */ = {isa = PBXBuildFile; fileRef = 553FB89B2BCFC32900E28371 /* MarketDataService.swift */; };
		553FB89E2BCFCAB500E28371 /* PortfolioView.swift in Sources */ = {isa = PBXBuildFile; fileRef = 553FB89D2BCFCAB500E28371 /* PortfolioView.swift */; };
		55646DB72BDA6FF10041A80A /* String.swift in Sources */ = {isa = PBXBuildFile; fileRef = 55646DB62BDA6FF10041A80A /* String.swift */; };
		55646DBB2BDA7C8C0041A80A /* SettingsView.swift in Sources */ = {isa = PBXBuildFile; fileRef = 55646DBA2BDA7C8C0041A80A /* SettingsView.swift */; };
		55646DBF2BDA8C820041A80A /* LaunchScreen.storyboard in Resources */ = {isa = PBXBuildFile; fileRef = 55646DBE2BDA8C820041A80A /* LaunchScreen.storyboard */; };
		55646DC12BDA8EFB0041A80A /* LaunchView.swift in Sources */ = {isa = PBXBuildFile; fileRef = 55646DC02BDA8EFB0041A80A /* LaunchView.swift */; };
		5589292D2BC7F43700E67CE0 /* MyCryptoAppApp.swift in Sources */ = {isa = PBXBuildFile; fileRef = 5589292C2BC7F43700E67CE0 /* MyCryptoAppApp.swift */; };
		558929342BC7F43900E67CE0 /* Preview Assets.xcassets in Resources */ = {isa = PBXBuildFile; fileRef = 558929332BC7F43900E67CE0 /* Preview Assets.xcassets */; };
		5589293B2BC7F5A600E67CE0 /* Assets.xcassets in Resources */ = {isa = PBXBuildFile; fileRef = 5589293A2BC7F5A600E67CE0 /* Assets.xcassets */; };
		5589293E2BC7F6C700E67CE0 /* Color.swift in Sources */ = {isa = PBXBuildFile; fileRef = 5589293D2BC7F6C700E67CE0 /* Color.swift */; };
		558929442BC7FC9000E67CE0 /* HomeView.swift in Sources */ = {isa = PBXBuildFile; fileRef = 558929432BC7FC9000E67CE0 /* HomeView.swift */; };
		558929482BC7FE4300E67CE0 /* CircleButtonView.swift in Sources */ = {isa = PBXBuildFile; fileRef = 558929472BC7FE4300E67CE0 /* CircleButtonView.swift */; };
		5589294A2BC8072900E67CE0 /* CircleButtonAnimationView.swift in Sources */ = {isa = PBXBuildFile; fileRef = 558929492BC8072900E67CE0 /* CircleButtonAnimationView.swift */; };
		5589294D2BC81CDC00E67CE0 /* CoinModel.swift in Sources */ = {isa = PBXBuildFile; fileRef = 5589294C2BC81CDC00E67CE0 /* CoinModel.swift */; };
		558929502BC92EDE00E67CE0 /* CoinRowView.swift in Sources */ = {isa = PBXBuildFile; fileRef = 5589294F2BC92EDE00E67CE0 /* CoinRowView.swift */; };
		558929522BC92F4100E67CE0 /* PreviewProvider.swift in Sources */ = {isa = PBXBuildFile; fileRef = 558929512BC92F4100E67CE0 /* PreviewProvider.swift */; };
		558929542BC9357200E67CE0 /* Double.swift in Sources */ = {isa = PBXBuildFile; fileRef = 558929532BC9357200E67CE0 /* Double.swift */; };
		558929562BC94A0F00E67CE0 /* HomeViewModel.swift in Sources */ = {isa = PBXBuildFile; fileRef = 558929552BC94A0F00E67CE0 /* HomeViewModel.swift */; };
		558929592BC952D100E67CE0 /* CoinDataService.swift in Sources */ = {isa = PBXBuildFile; fileRef = 558929582BC952D000E67CE0 /* CoinDataService.swift */; };
		5589295C2BC9694900E67CE0 /* NetworkingManager.swift in Sources */ = {isa = PBXBuildFile; fileRef = 5589295B2BC9694900E67CE0 /* NetworkingManager.swift */; };
		559B67BB2BCFD71000D66B47 /* XmarkButton.swift in Sources */ = {isa = PBXBuildFile; fileRef = 559B67BA2BCFD71000D66B47 /* XmarkButton.swift */; };
		559B67BD2BCFDB4500D66B47 /* CoinLogoView.swift in Sources */ = {isa = PBXBuildFile; fileRef = 559B67BC2BCFDB4500D66B47 /* CoinLogoView.swift */; };
		559B67C02BD00A8700D66B47 /* PortfolioContainer.xcdatamodeld in Sources */ = {isa = PBXBuildFile; fileRef = 559B67BE2BD00A8600D66B47 /* PortfolioContainer.xcdatamodeld */; };
		559B67C22BD00B2D00D66B47 /* PortfolioDataService.swift in Sources */ = {isa = PBXBuildFile; fileRef = 559B67C12BD00B2D00D66B47 /* PortfolioDataService.swift */; };
/* End PBXBuildFile section */

/* Begin PBXFileReference section */
		5501859C2BD69591009B7852 /* DetailView.swift */ = {isa = PBXFileReference; lastKnownFileType = sourcecode.swift; path = DetailView.swift; sourceTree = "<group>"; };
		5501859E2BD7BE79009B7852 /* DetailViewModel.swift */ = {isa = PBXFileReference; lastKnownFileType = sourcecode.swift; path = DetailViewModel.swift; sourceTree = "<group>"; };
		550185A02BD7BEC7009B7852 /* CoinDetailModel.swift */ = {isa = PBXFileReference; lastKnownFileType = sourcecode.swift; path = CoinDetailModel.swift; sourceTree = "<group>"; };
		550185A22BD7C0B5009B7852 /* CoinDetailDataService.swift */ = {isa = PBXFileReference; lastKnownFileType = sourcecode.swift; path = CoinDetailDataService.swift; sourceTree = "<group>"; };
		550185A42BD7EEE1009B7852 /* ChartView.swift */ = {isa = PBXFileReference; lastKnownFileType = sourcecode.swift; path = ChartView.swift; sourceTree = "<group>"; };
		550185A62BDA5AB4009B7852 /* Date.swift */ = {isa = PBXFileReference; lastKnownFileType = sourcecode.swift; path = Date.swift; sourceTree = "<group>"; };
		553FB8872BCD426E00E28371 /* CoinImageView.swift */ = {isa = PBXFileReference; lastKnownFileType = sourcecode.swift; path = CoinImageView.swift; sourceTree = "<group>"; };
		553FB8892BCD453500E28371 /* CoinImageService.swift */ = {isa = PBXFileReference; lastKnownFileType = sourcecode.swift; path = CoinImageService.swift; sourceTree = "<group>"; };
		553FB88B2BCD470A00E28371 /* CoinImageViewModel.swift */ = {isa = PBXFileReference; lastKnownFileType = sourcecode.swift; path = CoinImageViewModel.swift; sourceTree = "<group>"; };
		553FB88D2BCD613F00E28371 /* LocalFileManager.swift */ = {isa = PBXFileReference; lastKnownFileType = sourcecode.swift; path = LocalFileManager.swift; sourceTree = "<group>"; };
		553FB88F2BCE960D00E28371 /* SearchBarView.swift */ = {isa = PBXFileReference; lastKnownFileType = sourcecode.swift; path = SearchBarView.swift; sourceTree = "<group>"; };
		553FB8912BCE9E5A00E28371 /* UIApplication.swift */ = {isa = PBXFileReference; lastKnownFileType = sourcecode.swift; path = UIApplication.swift; sourceTree = "<group>"; };
		553FB8932BCEB49700E28371 /* StatisticModel.swift */ = {isa = PBXFileReference; lastKnownFileType = sourcecode.swift; path = StatisticModel.swift; sourceTree = "<group>"; };
		553FB8952BCEB59300E28371 /* StatisticView.swift */ = {isa = PBXFileReference; lastKnownFileType = sourcecode.swift; path = StatisticView.swift; sourceTree = "<group>"; };
		553FB8972BCFB38100E28371 /* HomeStatisticView.swift */ = {isa = PBXFileReference; lastKnownFileType = sourcecode.swift; path = HomeStatisticView.swift; sourceTree = "<group>"; };
		553FB8992BCFC04800E28371 /* MarketDataModel.swift */ = {isa = PBXFileReference; lastKnownFileType = sourcecode.swift; path = MarketDataModel.swift; sourceTree = "<group>"; };
		553FB89B2BCFC32900E28371 /* MarketDataService.swift */ = {isa = PBXFileReference; lastKnownFileType = sourcecode.swift; path = MarketDataService.swift; sourceTree = "<group>"; };
		553FB89D2BCFCAB500E28371 /* PortfolioView.swift */ = {isa = PBXFileReference; lastKnownFileType = sourcecode.swift; path = PortfolioView.swift; sourceTree = "<group>"; };
		55646DB62BDA6FF10041A80A /* String.swift */ = {isa = PBXFileReference; lastKnownFileType = sourcecode.swift; path = String.swift; sourceTree = "<group>"; };
		55646DBA2BDA7C8C0041A80A /* SettingsView.swift */ = {isa = PBXFileReference; lastKnownFileType = sourcecode.swift; path = SettingsView.swift; sourceTree = "<group>"; };
		55646DBE2BDA8C820041A80A /* LaunchScreen.storyboard */ = {isa = PBXFileReference; lastKnownFileType = file.storyboard; path = LaunchScreen.storyboard; sourceTree = "<group>"; };
		55646DC02BDA8EFB0041A80A /* LaunchView.swift */ = {isa = PBXFileReference; lastKnownFileType = sourcecode.swift; path = LaunchView.swift; sourceTree = "<group>"; };
		558929292BC7F43700E67CE0 /* MyCryptoApp.app */ = {isa = PBXFileReference; explicitFileType = wrapper.application; includeInIndex = 0; path = MyCryptoApp.app; sourceTree = BUILT_PRODUCTS_DIR; };
		5589292C2BC7F43700E67CE0 /* MyCryptoAppApp.swift */ = {isa = PBXFileReference; lastKnownFileType = sourcecode.swift; path = MyCryptoAppApp.swift; sourceTree = "<group>"; };
		558929332BC7F43900E67CE0 /* Preview Assets.xcassets */ = {isa = PBXFileReference; lastKnownFileType = folder.assetcatalog; path = "Preview Assets.xcassets"; sourceTree = "<group>"; };
		5589293A2BC7F5A600E67CE0 /* Assets.xcassets */ = {isa = PBXFileReference; lastKnownFileType = folder.assetcatalog; name = Assets.xcassets; path = ../../../../../Downloads/Resources/Assets.xcassets; sourceTree = "<group>"; };
		5589293D2BC7F6C700E67CE0 /* Color.swift */ = {isa = PBXFileReference; lastKnownFileType = sourcecode.swift; path = Color.swift; sourceTree = "<group>"; };
		558929432BC7FC9000E67CE0 /* HomeView.swift */ = {isa = PBXFileReference; lastKnownFileType = sourcecode.swift; path = HomeView.swift; sourceTree = "<group>"; };
		558929472BC7FE4300E67CE0 /* CircleButtonView.swift */ = {isa = PBXFileReference; lastKnownFileType = sourcecode.swift; path = CircleButtonView.swift; sourceTree = "<group>"; };
		558929492BC8072900E67CE0 /* CircleButtonAnimationView.swift */ = {isa = PBXFileReference; lastKnownFileType = sourcecode.swift; path = CircleButtonAnimationView.swift; sourceTree = "<group>"; };
		5589294C2BC81CDC00E67CE0 /* CoinModel.swift */ = {isa = PBXFileReference; lastKnownFileType = sourcecode.swift; path = CoinModel.swift; sourceTree = "<group>"; };
		5589294F2BC92EDE00E67CE0 /* CoinRowView.swift */ = {isa = PBXFileReference; lastKnownFileType = sourcecode.swift; path = CoinRowView.swift; sourceTree = "<group>"; };
		558929512BC92F4100E67CE0 /* PreviewProvider.swift */ = {isa = PBXFileReference; lastKnownFileType = sourcecode.swift; path = PreviewProvider.swift; sourceTree = "<group>"; };
		558929532BC9357200E67CE0 /* Double.swift */ = {isa = PBXFileReference; lastKnownFileType = sourcecode.swift; path = Double.swift; sourceTree = "<group>"; };
		558929552BC94A0F00E67CE0 /* HomeViewModel.swift */ = {isa = PBXFileReference; lastKnownFileType = sourcecode.swift; path = HomeViewModel.swift; sourceTree = "<group>"; };
		558929582BC952D000E67CE0 /* CoinDataService.swift */ = {isa = PBXFileReference; lastKnownFileType = sourcecode.swift; path = CoinDataService.swift; sourceTree = "<group>"; };
		5589295B2BC9694900E67CE0 /* NetworkingManager.swift */ = {isa = PBXFileReference; lastKnownFileType = sourcecode.swift; path = NetworkingManager.swift; sourceTree = "<group>"; };
		559B67BA2BCFD71000D66B47 /* XmarkButton.swift */ = {isa = PBXFileReference; lastKnownFileType = sourcecode.swift; path = XmarkButton.swift; sourceTree = "<group>"; };
		559B67BC2BCFDB4500D66B47 /* CoinLogoView.swift */ = {isa = PBXFileReference; lastKnownFileType = sourcecode.swift; path = CoinLogoView.swift; sourceTree = "<group>"; };
		559B67BF2BD00A8700D66B47 /* PortfolioContainer.xcdatamodel */ = {isa = PBXFileReference; lastKnownFileType = wrapper.xcdatamodel; path = PortfolioContainer.xcdatamodel; sourceTree = "<group>"; };
		559B67C12BD00B2D00D66B47 /* PortfolioDataService.swift */ = {isa = PBXFileReference; lastKnownFileType = sourcecode.swift; path = PortfolioDataService.swift; sourceTree = "<group>"; };
/* End PBXFileReference section */

/* Begin PBXFrameworksBuildPhase section */
		558929262BC7F43700E67CE0 /* Frameworks */ = {
			isa = PBXFrameworksBuildPhase;
			buildActionMask = 2147483647;
			files = (
			);
			runOnlyForDeploymentPostprocessing = 0;
		};
/* End PBXFrameworksBuildPhase section */

/* Begin PBXGroup section */
		550185972BD694F6009B7852 /* Detail */ = {
			isa = PBXGroup;
			children = (
				550185992BD69554009B7852 /* ViewModels */,
				550185982BD69547009B7852 /* Views */,
			);
			path = Detail;
			sourceTree = "<group>";
		};
		550185982BD69547009B7852 /* Views */ = {
			isa = PBXGroup;
			children = (
				5501859C2BD69591009B7852 /* DetailView.swift */,
				550185A42BD7EEE1009B7852 /* ChartView.swift */,
			);
			path = Views;
			sourceTree = "<group>";
		};
		550185992BD69554009B7852 /* ViewModels */ = {
			isa = PBXGroup;
			children = (
				5501859E2BD7BE79009B7852 /* DetailViewModel.swift */,
			);
			path = ViewModels;
			sourceTree = "<group>";
		};
		553FB8862BCD425600E28371 /* CoinImage */ = {
			isa = PBXGroup;
			children = (
				553FB8872BCD426E00E28371 /* CoinImageView.swift */,
				559B67BC2BCFDB4500D66B47 /* CoinLogoView.swift */,
			);
			path = CoinImage;
			sourceTree = "<group>";
		};
		55646DB82BDA7C600041A80A /* Settings */ = {
			isa = PBXGroup;
			children = (
				55646DB92BDA7C6A0041A80A /* Views */,
			);
			path = Settings;
			sourceTree = "<group>";
		};
		55646DB92BDA7C6A0041A80A /* Views */ = {
			isa = PBXGroup;
			children = (
				55646DBA2BDA7C8C0041A80A /* SettingsView.swift */,
			);
			path = Views;
			sourceTree = "<group>";
		};
		55646DBC2BDA8C5B0041A80A /* Launch */ = {
			isa = PBXGroup;
			children = (
				55646DBD2BDA8C620041A80A /* Views */,
			);
			path = Launch;
			sourceTree = "<group>";
		};
		55646DBD2BDA8C620041A80A /* Views */ = {
			isa = PBXGroup;
			children = (
				55646DBE2BDA8C820041A80A /* LaunchScreen.storyboard */,
				55646DC02BDA8EFB0041A80A /* LaunchView.swift */,
			);
			path = Views;
			sourceTree = "<group>";
		};
		558929202BC7F43700E67CE0 = {
			isa = PBXGroup;
			children = (
				5589292B2BC7F43700E67CE0 /* MyCryptoApp */,
				5589292A2BC7F43700E67CE0 /* Products */,
			);
			sourceTree = "<group>";
		};
		5589292A2BC7F43700E67CE0 /* Products */ = {
			isa = PBXGroup;
			children = (
				558929292BC7F43700E67CE0 /* MyCryptoApp.app */,
			);
			name = Products;
			sourceTree = "<group>";
		};
		5589292B2BC7F43700E67CE0 /* MyCryptoApp */ = {
			isa = PBXGroup;
			children = (
				5589292C2BC7F43700E67CE0 /* MyCryptoAppApp.swift */,
				5589293C2BC7F6AA00E67CE0 /* Extensions */,
				5589294B2BC81CC300E67CE0 /* Models */,
				558929572BC952A800E67CE0 /* Services */,
				5589293F2BC7FC5800E67CE0 /* Core */,
				5589295A2BC9691E00E67CE0 /* Utilities */,
				5589293A2BC7F5A600E67CE0 /* Assets.xcassets */,
				558929322BC7F43900E67CE0 /* Preview Content */,
			);
			path = MyCryptoApp;
			sourceTree = "<group>";
		};
		558929322BC7F43900E67CE0 /* Preview Content */ = {
			isa = PBXGroup;
			children = (
				558929332BC7F43900E67CE0 /* Preview Assets.xcassets */,
			);
			path = "Preview Content";
			sourceTree = "<group>";
		};
		5589293C2BC7F6AA00E67CE0 /* Extensions */ = {
			isa = PBXGroup;
			children = (
				5589293D2BC7F6C700E67CE0 /* Color.swift */,
				558929512BC92F4100E67CE0 /* PreviewProvider.swift */,
				558929532BC9357200E67CE0 /* Double.swift */,
				553FB8912BCE9E5A00E28371 /* UIApplication.swift */,
				550185A62BDA5AB4009B7852 /* Date.swift */,
				55646DB62BDA6FF10041A80A /* String.swift */,
			);
			path = Extensions;
			sourceTree = "<group>";
		};
		5589293F2BC7FC5800E67CE0 /* Core */ = {
			isa = PBXGroup;
			children = (
				55646DBC2BDA8C5B0041A80A /* Launch */,
				55646DB82BDA7C600041A80A /* Settings */,
				558929452BC7FE1500E67CE0 /* Components */,
				558929402BC7FC6000E67CE0 /* Home */,
				550185972BD694F6009B7852 /* Detail */,
			);
			path = Core;
			sourceTree = "<group>";
		};
		558929402BC7FC6000E67CE0 /* Home */ = {
			isa = PBXGroup;
			children = (
				558929422BC7FC7700E67CE0 /* ViewModels */,
				558929412BC7FC7200E67CE0 /* Views */,
			);
			path = Home;
			sourceTree = "<group>";
		};
		558929412BC7FC7200E67CE0 /* Views */ = {
			isa = PBXGroup;
			children = (
				558929432BC7FC9000E67CE0 /* HomeView.swift */,
				553FB8972BCFB38100E28371 /* HomeStatisticView.swift */,
				5589294F2BC92EDE00E67CE0 /* CoinRowView.swift */,
				553FB89D2BCFCAB500E28371 /* PortfolioView.swift */,
			);
			path = Views;
			sourceTree = "<group>";
		};
		558929422BC7FC7700E67CE0 /* ViewModels */ = {
			isa = PBXGroup;
			children = (
				558929552BC94A0F00E67CE0 /* HomeViewModel.swift */,
				553FB88B2BCD470A00E28371 /* CoinImageViewModel.swift */,
			);
			path = ViewModels;
			sourceTree = "<group>";
		};
		558929452BC7FE1500E67CE0 /* Components */ = {
			isa = PBXGroup;
			children = (
				553FB8862BCD425600E28371 /* CoinImage */,
				558929462BC7FE2F00E67CE0 /* CircleButton */,
				553FB88F2BCE960D00E28371 /* SearchBarView.swift */,
				553FB8952BCEB59300E28371 /* StatisticView.swift */,
				559B67BA2BCFD71000D66B47 /* XmarkButton.swift */,
			);
			path = Components;
			sourceTree = "<group>";
		};
		558929462BC7FE2F00E67CE0 /* CircleButton */ = {
			isa = PBXGroup;
			children = (
				558929472BC7FE4300E67CE0 /* CircleButtonView.swift */,
				558929492BC8072900E67CE0 /* CircleButtonAnimationView.swift */,
			);
			path = CircleButton;
			sourceTree = "<group>";
		};
		5589294B2BC81CC300E67CE0 /* Models */ = {
			isa = PBXGroup;
			children = (
				5589294C2BC81CDC00E67CE0 /* CoinModel.swift */,
				553FB8932BCEB49700E28371 /* StatisticModel.swift */,
				553FB8992BCFC04800E28371 /* MarketDataModel.swift */,
				550185A02BD7BEC7009B7852 /* CoinDetailModel.swift */,
				559B67BE2BD00A8600D66B47 /* PortfolioContainer.xcdatamodeld */,
			);
			path = Models;
			sourceTree = "<group>";
		};
		558929572BC952A800E67CE0 /* Services */ = {
			isa = PBXGroup;
			children = (
				558929582BC952D000E67CE0 /* CoinDataService.swift */,
				553FB8892BCD453500E28371 /* CoinImageService.swift */,
				553FB89B2BCFC32900E28371 /* MarketDataService.swift */,
				559B67C12BD00B2D00D66B47 /* PortfolioDataService.swift */,
				550185A22BD7C0B5009B7852 /* CoinDetailDataService.swift */,
			);
			path = Services;
			sourceTree = "<group>";
		};
		5589295A2BC9691E00E67CE0 /* Utilities */ = {
			isa = PBXGroup;
			children = (
				5589295B2BC9694900E67CE0 /* NetworkingManager.swift */,
				553FB88D2BCD613F00E28371 /* LocalFileManager.swift */,
			);
			path = Utilities;
			sourceTree = "<group>";
		};
/* End PBXGroup section */

/* Begin PBXNativeTarget section */
		558929282BC7F43700E67CE0 /* MyCryptoApp */ = {
			isa = PBXNativeTarget;
			buildConfigurationList = 558929372BC7F43900E67CE0 /* Build configuration list for PBXNativeTarget "MyCryptoApp" */;
			buildPhases = (
				558929252BC7F43700E67CE0 /* Sources */,
				558929262BC7F43700E67CE0 /* Frameworks */,
				558929272BC7F43700E67CE0 /* Resources */,
			);
			buildRules = (
			);
			dependencies = (
			);
			name = MyCryptoApp;
			productName = MyCryptoApp;
			productReference = 558929292BC7F43700E67CE0 /* MyCryptoApp.app */;
			productType = "com.apple.product-type.application";
		};
/* End PBXNativeTarget section */

/* Begin PBXProject section */
		558929212BC7F43700E67CE0 /* Project object */ = {
			isa = PBXProject;
			attributes = {
				BuildIndependentTargetsInParallel = 1;
				LastSwiftUpdateCheck = 1530;
				LastUpgradeCheck = 1530;
				TargetAttributes = {
					558929282BC7F43700E67CE0 = {
						CreatedOnToolsVersion = 15.3;
					};
				};
			};
			buildConfigurationList = 558929242BC7F43700E67CE0 /* Build configuration list for PBXProject "MyCryptoApp" */;
			compatibilityVersion = "Xcode 14.0";
			developmentRegion = en;
			hasScannedForEncodings = 0;
			knownRegions = (
				en,
				Base,
			);
			mainGroup = 558929202BC7F43700E67CE0;
			productRefGroup = 5589292A2BC7F43700E67CE0 /* Products */;
			projectDirPath = "";
			projectRoot = "";
			targets = (
				558929282BC7F43700E67CE0 /* MyCryptoApp */,
			);
		};
/* End PBXProject section */

/* Begin PBXResourcesBuildPhase section */
		558929272BC7F43700E67CE0 /* Resources */ = {
			isa = PBXResourcesBuildPhase;
			buildActionMask = 2147483647;
			files = (
				55646DBF2BDA8C820041A80A /* LaunchScreen.storyboard in Resources */,
				558929342BC7F43900E67CE0 /* Preview Assets.xcassets in Resources */,
				5589293B2BC7F5A600E67CE0 /* Assets.xcassets in Resources */,
			);
			runOnlyForDeploymentPostprocessing = 0;
		};
/* End PBXResourcesBuildPhase section */

/* Begin PBXSourcesBuildPhase section */
		558929252BC7F43700E67CE0 /* Sources */ = {
			isa = PBXSourcesBuildPhase;
			buildActionMask = 2147483647;
			files = (
				553FB8942BCEB49700E28371 /* StatisticModel.swift in Sources */,
				553FB89C2BCFC32900E28371 /* MarketDataService.swift in Sources */,
				559B67BD2BCFDB4500D66B47 /* CoinLogoView.swift in Sources */,
				553FB8962BCEB59300E28371 /* StatisticView.swift in Sources */,
				553FB8922BCE9E5A00E28371 /* UIApplication.swift in Sources */,
				559B67C02BD00A8700D66B47 /* PortfolioContainer.xcdatamodeld in Sources */,
				553FB88C2BCD470A00E28371 /* CoinImageViewModel.swift in Sources */,
				553FB8882BCD426E00E28371 /* CoinImageView.swift in Sources */,
				550185A12BD7BEC7009B7852 /* CoinDetailModel.swift in Sources */,
				55646DC12BDA8EFB0041A80A /* LaunchView.swift in Sources */,
				558929502BC92EDE00E67CE0 /* CoinRowView.swift in Sources */,
				553FB89E2BCFCAB500E28371 /* PortfolioView.swift in Sources */,
				558929562BC94A0F00E67CE0 /* HomeViewModel.swift in Sources */,
				558929442BC7FC9000E67CE0 /* HomeView.swift in Sources */,
				559B67BB2BCFD71000D66B47 /* XmarkButton.swift in Sources */,
				5501859F2BD7BE79009B7852 /* DetailViewModel.swift in Sources */,
				5589292D2BC7F43700E67CE0 /* MyCryptoAppApp.swift in Sources */,
				558929482BC7FE4300E67CE0 /* CircleButtonView.swift in Sources */,
				5501859D2BD69591009B7852 /* DetailView.swift in Sources */,
				553FB88E2BCD613F00E28371 /* LocalFileManager.swift in Sources */,
				5589293E2BC7F6C700E67CE0 /* Color.swift in Sources */,
				5589294A2BC8072900E67CE0 /* CircleButtonAnimationView.swift in Sources */,
				55646DBB2BDA7C8C0041A80A /* SettingsView.swift in Sources */,
				559B67C22BD00B2D00D66B47 /* PortfolioDataService.swift in Sources */,
				553FB89A2BCFC04800E28371 /* MarketDataModel.swift in Sources */,
				550185A72BDA5AB4009B7852 /* Date.swift in Sources */,
				558929522BC92F4100E67CE0 /* PreviewProvider.swift in Sources */,
				558929542BC9357200E67CE0 /* Double.swift in Sources */,
				5589295C2BC9694900E67CE0 /* NetworkingManager.swift in Sources */,
				5589294D2BC81CDC00E67CE0 /* CoinModel.swift in Sources */,
				553FB88A2BCD453500E28371 /* CoinImageService.swift in Sources */,
				553FB8982BCFB38100E28371 /* HomeStatisticView.swift in Sources */,
				550185A52BD7EEE1009B7852 /* ChartView.swift in Sources */,
				550185A32BD7C0B5009B7852 /* CoinDetailDataService.swift in Sources */,
				55646DB72BDA6FF10041A80A /* String.swift in Sources */,
				553FB8902BCE960D00E28371 /* SearchBarView.swift in Sources */,
				558929592BC952D100E67CE0 /* CoinDataService.swift in Sources */,
			);
			runOnlyForDeploymentPostprocessing = 0;
		};
/* End PBXSourcesBuildPhase section */

/* Begin XCBuildConfiguration section */
		558929352BC7F43900E67CE0 /* Debug */ = {
			isa = XCBuildConfiguration;
			buildSettings = {
				ALWAYS_SEARCH_USER_PATHS = NO;
				ASSETCATALOG_COMPILER_GENERATE_SWIFT_ASSET_SYMBOL_EXTENSIONS = YES;
				CLANG_ANALYZER_NONNULL = YES;
				CLANG_ANALYZER_NUMBER_OBJECT_CONVERSION = YES_AGGRESSIVE;
				CLANG_CXX_LANGUAGE_STANDARD = "gnu++20";
				CLANG_ENABLE_MODULES = YES;
				CLANG_ENABLE_OBJC_ARC = YES;
				CLANG_ENABLE_OBJC_WEAK = YES;
				CLANG_WARN_BLOCK_CAPTURE_AUTORELEASING = YES;
				CLANG_WARN_BOOL_CONVERSION = YES;
				CLANG_WARN_COMMA = YES;
				CLANG_WARN_CONSTANT_CONVERSION = YES;
				CLANG_WARN_DEPRECATED_OBJC_IMPLEMENTATIONS = YES;
				CLANG_WARN_DIRECT_OBJC_ISA_USAGE = YES_ERROR;
				CLANG_WARN_DOCUMENTATION_COMMENTS = YES;
				CLANG_WARN_EMPTY_BODY = YES;
				CLANG_WARN_ENUM_CONVERSION = YES;
				CLANG_WARN_INFINITE_RECURSION = YES;
				CLANG_WARN_INT_CONVERSION = YES;
				CLANG_WARN_NON_LITERAL_NULL_CONVERSION = YES;
				CLANG_WARN_OBJC_IMPLICIT_RETAIN_SELF = YES;
				CLANG_WARN_OBJC_LITERAL_CONVERSION = YES;
				CLANG_WARN_OBJC_ROOT_CLASS = YES_ERROR;
				CLANG_WARN_QUOTED_INCLUDE_IN_FRAMEWORK_HEADER = YES;
				CLANG_WARN_RANGE_LOOP_ANALYSIS = YES;
				CLANG_WARN_STRICT_PROTOTYPES = YES;
				CLANG_WARN_SUSPICIOUS_MOVE = YES;
				CLANG_WARN_UNGUARDED_AVAILABILITY = YES_AGGRESSIVE;
				CLANG_WARN_UNREACHABLE_CODE = YES;
				CLANG_WARN__DUPLICATE_METHOD_MATCH = YES;
				COPY_PHASE_STRIP = NO;
				DEBUG_INFORMATION_FORMAT = dwarf;
				ENABLE_STRICT_OBJC_MSGSEND = YES;
				ENABLE_TESTABILITY = YES;
				ENABLE_USER_SCRIPT_SANDBOXING = YES;
				GCC_C_LANGUAGE_STANDARD = gnu17;
				GCC_DYNAMIC_NO_PIC = NO;
				GCC_NO_COMMON_BLOCKS = YES;
				GCC_OPTIMIZATION_LEVEL = 0;
				GCC_PREPROCESSOR_DEFINITIONS = (
					"DEBUG=1",
					"$(inherited)",
				);
				GCC_WARN_64_TO_32_BIT_CONVERSION = YES;
				GCC_WARN_ABOUT_RETURN_TYPE = YES_ERROR;
				GCC_WARN_UNDECLARED_SELECTOR = YES;
				GCC_WARN_UNINITIALIZED_AUTOS = YES_AGGRESSIVE;
				GCC_WARN_UNUSED_FUNCTION = YES;
				GCC_WARN_UNUSED_VARIABLE = YES;
				IPHONEOS_DEPLOYMENT_TARGET = 17.4;
				LOCALIZATION_PREFERS_STRING_CATALOGS = YES;
				MTL_ENABLE_DEBUG_INFO = INCLUDE_SOURCE;
				MTL_FAST_MATH = YES;
				ONLY_ACTIVE_ARCH = YES;
				SDKROOT = iphoneos;
				SWIFT_ACTIVE_COMPILATION_CONDITIONS = "DEBUG $(inherited)";
				SWIFT_OPTIMIZATION_LEVEL = "-Onone";
			};
			name = Debug;
		};
		558929362BC7F43900E67CE0 /* Release */ = {
			isa = XCBuildConfiguration;
			buildSettings = {
				ALWAYS_SEARCH_USER_PATHS = NO;
				ASSETCATALOG_COMPILER_GENERATE_SWIFT_ASSET_SYMBOL_EXTENSIONS = YES;
				CLANG_ANALYZER_NONNULL = YES;
				CLANG_ANALYZER_NUMBER_OBJECT_CONVERSION = YES_AGGRESSIVE;
				CLANG_CXX_LANGUAGE_STANDARD = "gnu++20";
				CLANG_ENABLE_MODULES = YES;
				CLANG_ENABLE_OBJC_ARC = YES;
				CLANG_ENABLE_OBJC_WEAK = YES;
				CLANG_WARN_BLOCK_CAPTURE_AUTORELEASING = YES;
				CLANG_WARN_BOOL_CONVERSION = YES;
				CLANG_WARN_COMMA = YES;
				CLANG_WARN_CONSTANT_CONVERSION = YES;
				CLANG_WARN_DEPRECATED_OBJC_IMPLEMENTATIONS = YES;
				CLANG_WARN_DIRECT_OBJC_ISA_USAGE = YES_ERROR;
				CLANG_WARN_DOCUMENTATION_COMMENTS = YES;
				CLANG_WARN_EMPTY_BODY = YES;
				CLANG_WARN_ENUM_CONVERSION = YES;
				CLANG_WARN_INFINITE_RECURSION = YES;
				CLANG_WARN_INT_CONVERSION = YES;
				CLANG_WARN_NON_LITERAL_NULL_CONVERSION = YES;
				CLANG_WARN_OBJC_IMPLICIT_RETAIN_SELF = YES;
				CLANG_WARN_OBJC_LITERAL_CONVERSION = YES;
				CLANG_WARN_OBJC_ROOT_CLASS = YES_ERROR;
				CLANG_WARN_QUOTED_INCLUDE_IN_FRAMEWORK_HEADER = YES;
				CLANG_WARN_RANGE_LOOP_ANALYSIS = YES;
				CLANG_WARN_STRICT_PROTOTYPES = YES;
				CLANG_WARN_SUSPICIOUS_MOVE = YES;
				CLANG_WARN_UNGUARDED_AVAILABILITY = YES_AGGRESSIVE;
				CLANG_WARN_UNREACHABLE_CODE = YES;
				CLANG_WARN__DUPLICATE_METHOD_MATCH = YES;
				COPY_PHASE_STRIP = NO;
				DEBUG_INFORMATION_FORMAT = "dwarf-with-dsym";
				ENABLE_NS_ASSERTIONS = NO;
				ENABLE_STRICT_OBJC_MSGSEND = YES;
				ENABLE_USER_SCRIPT_SANDBOXING = YES;
				GCC_C_LANGUAGE_STANDARD = gnu17;
				GCC_NO_COMMON_BLOCKS = YES;
				GCC_WARN_64_TO_32_BIT_CONVERSION = YES;
				GCC_WARN_ABOUT_RETURN_TYPE = YES_ERROR;
				GCC_WARN_UNDECLARED_SELECTOR = YES;
				GCC_WARN_UNINITIALIZED_AUTOS = YES_AGGRESSIVE;
				GCC_WARN_UNUSED_FUNCTION = YES;
				GCC_WARN_UNUSED_VARIABLE = YES;
				IPHONEOS_DEPLOYMENT_TARGET = 17.4;
				LOCALIZATION_PREFERS_STRING_CATALOGS = YES;
				MTL_ENABLE_DEBUG_INFO = NO;
				MTL_FAST_MATH = YES;
				SDKROOT = iphoneos;
				SWIFT_COMPILATION_MODE = wholemodule;
				VALIDATE_PRODUCT = YES;
			};
			name = Release;
		};
		558929382BC7F43900E67CE0 /* Debug */ = {
			isa = XCBuildConfiguration;
			buildSettings = {
				ASSETCATALOG_COMPILER_APPICON_NAME = AppIcon;
				ASSETCATALOG_COMPILER_GLOBAL_ACCENT_COLOR_NAME = AccentColor;
				CODE_SIGN_STYLE = Automatic;
				CURRENT_PROJECT_VERSION = 1;
				DEVELOPMENT_ASSET_PATHS = "\"MyCryptoApp/Preview Content\"";
				ENABLE_PREVIEWS = YES;
				GENERATE_INFOPLIST_FILE = YES;
				INFOPLIST_KEY_UIApplicationSceneManifest_Generation = YES;
				INFOPLIST_KEY_UIApplicationSupportsIndirectInputEvents = YES;
				INFOPLIST_KEY_UILaunchScreen_Generation = YES;
				INFOPLIST_KEY_UILaunchStoryboardName = LaunchScreen.storyboard;
				INFOPLIST_KEY_UIStatusBarHidden = NO;
				INFOPLIST_KEY_UISupportedInterfaceOrientations = "UIInterfaceOrientationPortrait UIInterfaceOrientationPortraitUpsideDown";
				IPHONEOS_DEPLOYMENT_TARGET = 16.0;
				LD_RUNPATH_SEARCH_PATHS = (
					"$(inherited)",
					"@executable_path/Frameworks",
				);
				MARKETING_VERSION = 1.0;
				PRODUCT_BUNDLE_IDENTIFIER = com.myApp.MyCryptoApp;
				PRODUCT_NAME = "$(TARGET_NAME)";
				SWIFT_EMIT_LOC_STRINGS = YES;
				SWIFT_VERSION = 5.0;
				TARGETED_DEVICE_FAMILY = "1,2";
			};
			name = Debug;
		};
		558929392BC7F43900E67CE0 /* Release */ = {
			isa = XCBuildConfiguration;
			buildSettings = {
				ASSETCATALOG_COMPILER_APPICON_NAME = AppIcon;
				ASSETCATALOG_COMPILER_GLOBAL_ACCENT_COLOR_NAME = AccentColor;
				CODE_SIGN_STYLE = Automatic;
				CURRENT_PROJECT_VERSION = 1;
				DEVELOPMENT_ASSET_PATHS = "\"MyCryptoApp/Preview Content\"";
				ENABLE_PREVIEWS = YES;
				GENERATE_INFOPLIST_FILE = YES;
				INFOPLIST_KEY_UIApplicationSceneManifest_Generation = YES;
				INFOPLIST_KEY_UIApplicationSupportsIndirectInputEvents = YES;
				INFOPLIST_KEY_UILaunchScreen_Generation = YES;
				INFOPLIST_KEY_UILaunchStoryboardName = LaunchScreen.storyboard;
				INFOPLIST_KEY_UIStatusBarHidden = NO;
				INFOPLIST_KEY_UISupportedInterfaceOrientations = "UIInterfaceOrientationPortrait UIInterfaceOrientationPortraitUpsideDown";
				IPHONEOS_DEPLOYMENT_TARGET = 16.0;
				LD_RUNPATH_SEARCH_PATHS = (
					"$(inherited)",
					"@executable_path/Frameworks",
				);
				MARKETING_VERSION = 1.0;
				PRODUCT_BUNDLE_IDENTIFIER = com.myApp.MyCryptoApp;
				PRODUCT_NAME = "$(TARGET_NAME)";
				SWIFT_EMIT_LOC_STRINGS = YES;
				SWIFT_VERSION = 5.0;
				TARGETED_DEVICE_FAMILY = "1,2";
			};
			name = Release;
		};
/* End XCBuildConfiguration section */

/* Begin XCConfigurationList section */
		558929242BC7F43700E67CE0 /* Build configuration list for PBXProject "MyCryptoApp" */ = {
			isa = XCConfigurationList;
			buildConfigurations = (
				558929352BC7F43900E67CE0 /* Debug */,
				558929362BC7F43900E67CE0 /* Release */,
			);
			defaultConfigurationIsVisible = 0;
			defaultConfigurationName = Release;
		};
		558929372BC7F43900E67CE0 /* Build configuration list for PBXNativeTarget "MyCryptoApp" */ = {
			isa = XCConfigurationList;
			buildConfigurations = (
				558929382BC7F43900E67CE0 /* Debug */,
				558929392BC7F43900E67CE0 /* Release */,
			);
			defaultConfigurationIsVisible = 0;
			defaultConfigurationName = Release;
		};
/* End XCConfigurationList section */

/* Begin XCVersionGroup section */
		559B67BE2BD00A8600D66B47 /* PortfolioContainer.xcdatamodeld */ = {
			isa = XCVersionGroup;
			children = (
				559B67BF2BD00A8700D66B47 /* PortfolioContainer.xcdatamodel */,
			);
			currentVersion = 559B67BF2BD00A8700D66B47 /* PortfolioContainer.xcdatamodel */;
			name = PortfolioContainer.xcdatamodeld;
			path = "/Users/swapnil/Documents/Work/My Apps/MyCryptoApp/MyCryptoApp/Models/PortfolioContainer.xcdatamodeld";
			sourceTree = "<group>";
			versionGroupType = wrapper.xcdatamodel;
		};
/* End XCVersionGroup section */
	};
	rootObject = 558929212BC7F43700E67CE0 /* Project object */;
}
